
Microsoft Visual Studio Solution File, Format Version 12.00
# Visual Studio Version 16
VisualStudioVersion = 16.0.31019.35
MinimumVisualStudioVersion = 10.0.40219.1
Project("{8BC9CEB8-8B4A-11D0-8D11-00A0C91BC942}") = "elf2dll", "elf2dll.vcxproj", "{5C8B8AB1-2495-4CE9-9F85-9357C69CB96A}"
EndProject
Global
	GlobalSection(SolutionConfigurationPlatforms) = preSolution
		Debug|x64 = Debug|x64
		Debug|x86 = Debug|x86
		Release|x64 = Release|x64
		Release|x86 = Release|x86
	EndGlobalSection
	GlobalSection(ProjectConfigurationPlatforms) = postSolution
		{5C8B8AB1-2495-4CE9-9F85-9357C69CB96A}.Debug|x64.ActiveCfg = Debug|x64
		{5C8B8AB1-2495-4CE9-9F85-9357C69CB96A}.Debug|x64.Build.0 = Debug|x64
		{5C8B8AB1-2495-4CE9-9F85-9357C69CB96A}.Debug|x86.ActiveCfg = Debug|Win32
		{5C8B8AB1-2495-4CE9-9F85-9357C69CB96A}.Debug|x86.Build.0 = Debug|Win32
		{5C8B8AB1-2495-4CE9-9F85-9357C69CB96A}.Release|x64.ActiveCfg = Release|x64
		{5C8B8AB1-2495-4CE9-9F85-9357C69CB96A}.Release|x64.Build.0 = Release|x64
		{5C8B8AB1-2495-4CE9-9F85-9357C69CB96A}.Release|x86.ActiveCfg = Release|Win32
		{5C8B8AB1-2495-4CE9-9F85-9357C69CB96A}.Release|x86.Build.0 = Release|Win32
	EndGlobalSection
	GlobalSection(SolutionProperties) = preSolution
		HideSolutionNode = FALSE
	EndGlobalSection
	GlobalSection(ExtensibilityGlobals) = postSolution
		SolutionGuid = {0EB51522-9481-4C00-AAEC-64FC30F8AE5D}
	EndGlobalSection
EndGlobal
